
Microsoft Visual Studio Solution File, Format Version 12.00
# Visual Studio Version 16
VisualStudioVersion = 16.0.28803.202
MinimumVisualStudioVersion = 10.0.40219.1
Project("{9A19103F-16F7-4668-BE54-9A1E7A4F7556}") = "BackEndAngularPrimeNg", "BackEndAngularPrimeNg\BackEndAngularPrimeNg.csproj", "{36378431-0406-44BD-BE8D-E88B8B79F603}"
EndProject
Project("{9A19103F-16F7-4668-BE54-9A1E7A4F7556}") = "Entity", "Entity\Entity.csproj", "{5E260C10-46E1-42A9-BF59-A414C42EE68F}"
EndProject
Project("{9A19103F-16F7-4668-BE54-9A1E7A4F7556}") = "Business", "Business\Business.csproj", "{D3C389B9-7AA3-46F9-B351-111D2B8397AE}"
EndProject
Project("{9A19103F-16F7-4668-BE54-9A1E7A4F7556}") = "Repository", "Repository\Repository.csproj", "{C51D8044-847D-4191-B9A8-85DF84785569}"
EndProject
Global
	GlobalSection(SolutionConfigurationPlatforms) = preSolution
		Debug|Any CPU = Debug|Any CPU
		Release|Any CPU = Release|Any CPU
	EndGlobalSection
	GlobalSection(ProjectConfigurationPlatforms) = postSolution
		{36378431-0406-44BD-BE8D-E88B8B79F603}.Debug|Any CPU.ActiveCfg = Debug|Any CPU
		{36378431-0406-44BD-BE8D-E88B8B79F603}.Debug|Any CPU.Build.0 = Debug|Any CPU
		{36378431-0406-44BD-BE8D-E88B8B79F603}.Release|Any CPU.ActiveCfg = Release|Any CPU
		{36378431-0406-44BD-BE8D-E88B8B79F603}.Release|Any CPU.Build.0 = Release|Any CPU
		{5E260C10-46E1-42A9-BF59-A414C42EE68F}.Debug|Any CPU.ActiveCfg = Debug|Any CPU
		{5E260C10-46E1-42A9-BF59-A414C42EE68F}.Debug|Any CPU.Build.0 = Debug|Any CPU
		{5E260C10-46E1-42A9-BF59-A414C42EE68F}.Release|Any CPU.ActiveCfg = Release|Any CPU
		{5E260C10-46E1-42A9-BF59-A414C42EE68F}.Release|Any CPU.Build.0 = Release|Any CPU
		{D3C389B9-7AA3-46F9-B351-111D2B8397AE}.Debug|Any CPU.ActiveCfg = Debug|Any CPU
		{D3C389B9-7AA3-46F9-B351-111D2B8397AE}.Debug|Any CPU.Build.0 = Debug|Any CPU
		{D3C389B9-7AA3-46F9-B351-111D2B8397AE}.Release|Any CPU.ActiveCfg = Release|Any CPU
		{D3C389B9-7AA3-46F9-B351-111D2B8397AE}.Release|Any CPU.Build.0 = Release|Any CPU
		{C51D8044-847D-4191-B9A8-85DF84785569}.Debug|Any CPU.ActiveCfg = Debug|Any CPU
		{C51D8044-847D-4191-B9A8-85DF84785569}.Debug|Any CPU.Build.0 = Debug|Any CPU
		{C51D8044-847D-4191-B9A8-85DF84785569}.Release|Any CPU.ActiveCfg = Release|Any CPU
		{C51D8044-847D-4191-B9A8-85DF84785569}.Release|Any CPU.Build.0 = Release|Any CPU
	EndGlobalSection
	GlobalSection(SolutionProperties) = preSolution
		HideSolutionNode = FALSE
	EndGlobalSection
	GlobalSection(ExtensibilityGlobals) = postSolution
		SolutionGuid = {E7A0EAD2-AFA4-43A2-A69C-D41991C0C9D4}
	EndGlobalSection
EndGlobal
